Microsoft Visual Studio Solution File, Format Version 12.00
# Visual Studio Version 17
VisualStudioVersion = 17.5.2.0
MinimumVisualStudioVersion = 10.0.40219.1
Project("{FAE04EC0-301F-11D3-BF4B-00C04F79EFBC}") = "QueueService", "queue-service\QueueService.csproj", "{7C9B958F-BA01-ABA3-F28D-8CEED7AD1610}"
EndProject
Project("{FAE04EC0-301F-11D3-BF4B-00C04F79EFBC}") = "QueueServiceTest", "QueueServiceTest\QueueServiceTest.csproj", "{9B561262-DDAE-4393-B700-0195BD5DCEF8}"
EndProject
Global
	GlobalSection(SolutionConfigurationPlatforms) = preSolution
		Debug|Any CPU = Debug|Any CPU
		Release|Any CPU = Release|Any CPU
	EndGlobalSection
	GlobalSection(ProjectConfigurationPlatforms) = postSolution
		{7C9B958F-BA01-ABA3-F28D-8CEED7AD1610}.Debug|Any CPU.ActiveCfg = Debug|Any CPU
		{7C9B958F-BA01-ABA3-F28D-8CEED7AD1610}.Debug|Any CPU.Build.0 = Debug|Any CPU
		{7C9B958F-BA01-ABA3-F28D-8CEED7AD1610}.Release|Any CPU.ActiveCfg = Release|Any CPU
		{7C9B958F-BA01-ABA3-F28D-8CEED7AD1610}.Release|Any CPU.Build.0 = Release|Any CPU
		{9B561262-DDAE-4393-B700-0195BD5DCEF8}.Debug|Any CPU.ActiveCfg = Debug|Any CPU
		{9B561262-DDAE-4393-B700-0195BD5DCEF8}.Debug|Any CPU.Build.0 = Debug|Any CPU
		{9B561262-DDAE-4393-B700-0195BD5DCEF8}.Release|Any CPU.ActiveCfg = Release|Any CPU
		{9B561262-DDAE-4393-B700-0195BD5DCEF8}.Release|Any CPU.Build.0 = Release|Any CPU
	EndGlobalSection
	GlobalSection(SolutionProperties) = preSolution
		HideSolutionNode = FALSE
	EndGlobalSection
	GlobalSection(ExtensibilityGlobals) = postSolution
		SolutionGuid = {DDF269A3-7C55-44C4-82F4-E6F6967A0B94}
	EndGlobalSection
EndGlobal
